
Microsoft Visual Studio Solution File, Format Version 12.00
# Visual Studio Version 17
VisualStudioVersion = 17.8.34322.80
MinimumVisualStudioVersion = 10.0.40219.1
Project("{8BC9CEB8-8B4A-11D0-8D11-00A0C91BC942}") = "aio_server", "aio_server\aio_server.vcxproj", "{6B5B597B-3A16-4FF2-90D4-2DA810030E72}"
EndProject
Project("{8BC9CEB8-8B4A-11D0-8D11-00A0C91BC942}") = "aio_client", "aio_client\aio_client.vcxproj", "{2DBBADDD-5144-43AC-9033-58008491426B}"
EndProject
Global
	GlobalSection(SolutionConfigurationPlatforms) = preSolution
		Debug|x64 = Debug|x64
		Debug|x86 = Debug|x86
		Release|x64 = Release|x64
		Release|x86 = Release|x86
	EndGlobalSection
	GlobalSection(ProjectConfigurationPlatforms) = postSolution
		{6B5B597B-3A16-4FF2-90D4-2DA810030E72}.Debug|x64.ActiveCfg = Debug|x64
		{6B5B597B-3A16-4FF2-90D4-2DA810030E72}.Debug|x64.Build.0 = Debug|x64
		{6B5B597B-3A16-4FF2-90D4-2DA810030E72}.Debug|x86.ActiveCfg = Debug|Win32
		{6B5B597B-3A16-4FF2-90D4-2DA810030E72}.Debug|x86.Build.0 = Debug|Win32
		{6B5B597B-3A16-4FF2-90D4-2DA810030E72}.Release|x64.ActiveCfg = Release|x64
		{6B5B597B-3A16-4FF2-90D4-2DA810030E72}.Release|x64.Build.0 = Release|x64
		{6B5B597B-3A16-4FF2-90D4-2DA810030E72}.Release|x86.ActiveCfg = Release|Win32
		{6B5B597B-3A16-4FF2-90D4-2DA810030E72}.Release|x86.Build.0 = Release|Win32
		{2DBBADDD-5144-43AC-9033-58008491426B}.Debug|x64.ActiveCfg = Debug|x64
		{2DBBADDD-5144-43AC-9033-58008491426B}.Debug|x64.Build.0 = Debug|x64
		{2DBBADDD-5144-43AC-9033-58008491426B}.Debug|x86.ActiveCfg = Debug|Win32
		{2DBBADDD-5144-43AC-9033-58008491426B}.Debug|x86.Build.0 = Debug|Win32
		{2DBBADDD-5144-43AC-9033-58008491426B}.Release|x64.ActiveCfg = Release|x64
		{2DBBADDD-5144-43AC-9033-58008491426B}.Release|x64.Build.0 = Release|x64
		{2DBBADDD-5144-43AC-9033-58008491426B}.Release|x86.ActiveCfg = Release|Win32
		{2DBBADDD-5144-43AC-9033-58008491426B}.Release|x86.Build.0 = Release|Win32
	EndGlobalSection
	GlobalSection(SolutionProperties) = preSolution
		HideSolutionNode = FALSE
	EndGlobalSection
	GlobalSection(ExtensibilityGlobals) = postSolution
		SolutionGuid = {2C4214BC-7C4F-41F9-B757-7A180637BBFD}
	EndGlobalSection
EndGlobal
